
Microsoft Visual Studio Solution File, Format Version 12.00
# Visual Studio Version 16
VisualStudioVersion = 16.0.30320.27
MinimumVisualStudioVersion = 10.0.40219.1
Project("{FAE04EC0-301F-11D3-BF4B-00C04F79EFBC}") = "BandApi", "BandApi\BandApi.csproj", "{1BB9ED43-8E93-49BD-81DF-6315C9AB29D5}"
EndProject
Global
	GlobalSection(SolutionConfigurationPlatforms) = preSolution
		Debug|Any CPU = Debug|Any CPU
		Release|Any CPU = Release|Any CPU
	EndGlobalSection
	GlobalSection(ProjectConfigurationPlatforms) = postSolution
		{1BB9ED43-8E93-49BD-81DF-6315C9AB29D5}.Debug|Any CPU.ActiveCfg = Debug|Any CPU
		{1BB9ED43-8E93-49BD-81DF-6315C9AB29D5}.Debug|Any CPU.Build.0 = Debug|Any CPU
		{1BB9ED43-8E93-49BD-81DF-6315C9AB29D5}.Release|Any CPU.ActiveCfg = Release|Any CPU
		{1BB9ED43-8E93-49BD-81DF-6315C9AB29D5}.Release|Any CPU.Build.0 = Release|Any CPU
	EndGlobalSection
	GlobalSection(SolutionProperties) = preSolution
		HideSolutionNode = FALSE
	EndGlobalSection
	GlobalSection(ExtensibilityGlobals) = postSolution
		SolutionGuid = {FB62C44A-404D-4B42-8F58-021A4EDC4F13}
	EndGlobalSection
EndGlobal
